<Solution>
  <Configurations>
    <BuildType Name="Debug" />
    <BuildType Name="Development" />
    <BuildType Name="Release" />
  </Configurations>
  <Project Path="../BookstoresDW/BookstoresDW.sqlproj" Id="4e801c9d-e6d4-4071-97fc-7183c2a45b1e">
    <BuildType Solution="Development|*" Project="Release" />
    <Build />
    <Deploy />
  </Project>
  <Project Path="../BookStoresETL/BookStoresETL.dtproj" Type="c9674dcb-5085-4a16-b785-4c70dd1589bd">
    <BuildType Project="Development" />
    <Platform Project="?" />
  </Project>
  <Project Path="Grupo4/Grupo4.sqlproj" Id="1cd7f9b9-0175-43b9-9366-5e0fa7a17327">
    <BuildType Solution="Development|*" Project="Release" />
    <Build />
    <Deploy />
  </Project>
</Solution>
